
Microsoft Visual Studio Solution File, Format Version 12.00
# Visual Studio 15
VisualStudioVersion = 15.0.28010.2003
MinimumVisualStudioVersion = 10.0.40219.1
Project("{9A19103F-16F7-4668-BE54-9A1E7A4F7556}") = "WootrixV2", "Wootrix\WootrixV2.csproj", "{1F6E62D7-75E1-4616-A735-CD927E68587C}"
EndProject
Global
	GlobalSection(SolutionConfigurationPlatforms) = preSolution
		Debug|Any CPU = Debug|Any CPU
		Release|Any CPU = Release|Any CPU
	EndGlobalSection
	GlobalSection(ProjectConfigurationPlatforms) = postSolution
		{1F6E62D7-75E1-4616-A735-CD927E68587C}.Debug|Any CPU.ActiveCfg = Debug|Any CPU
		{1F6E62D7-75E1-4616-A735-CD927E68587C}.Debug|Any CPU.Build.0 = Debug|Any CPU
		{1F6E62D7-75E1-4616-A735-CD927E68587C}.Release|Any CPU.ActiveCfg = Release|Any CPU
		{1F6E62D7-75E1-4616-A735-CD927E68587C}.Release|Any CPU.Build.0 = Release|Any CPU
	EndGlobalSection
	GlobalSection(SolutionProperties) = preSolution
		HideSolutionNode = FALSE
	EndGlobalSection
	GlobalSection(ExtensibilityGlobals) = postSolution
		SolutionGuid = {A0A44174-16DB-47E5-B591-48559EA38051}
	EndGlobalSection
EndGlobal
